
Microsoft Visual Studio Solution File, Format Version 12.00
Project("{FAE04EC0-301F-11D3-BF4B-00C04F79EFBC}") = "intro-uml", "intro-uml.csproj", "{1975CF9B-348F-490B-ADB2-6947494FA076}"
EndProject
Global
	GlobalSection(SolutionConfigurationPlatforms) = preSolution
		Debug|Any CPU = Debug|Any CPU
		Release|Any CPU = Release|Any CPU
	EndGlobalSection
	GlobalSection(ProjectConfigurationPlatforms) = postSolution
		{1975CF9B-348F-490B-ADB2-6947494FA076}.Debug|Any CPU.ActiveCfg = Debug|Any CPU
		{1975CF9B-348F-490B-ADB2-6947494FA076}.Debug|Any CPU.Build.0 = Debug|Any CPU
		{1975CF9B-348F-490B-ADB2-6947494FA076}.Release|Any CPU.ActiveCfg = Release|Any CPU
		{1975CF9B-348F-490B-ADB2-6947494FA076}.Release|Any CPU.Build.0 = Release|Any CPU
	EndGlobalSection
EndGlobal
